// !$*UTF8*$!
{
	archiveVersion = 1;
	classes = {
	};
	objectVersion = 70;
	objects = {

/* Begin PBXBuildFile section */
		30F9AFDB3029EDB700F78820 /* Assets.xcassets in Resources */ = {isa = PBXBuildFile; fileRef = 30F9AFD03029EDB700F78820 /* Assets.xcassets */; };
		30F9AFDC3029EDB700F78820 /* GoogleService-Info.plist in Resources */ = {isa = PBXBuildFile; fileRef = 30F9AFD23029EDB700F78820 /* GoogleService-Info.plist */; };
		30F9AFDE3029EDB700F78820 /* LaunchScreen.storyboard in Resources */ = {isa = PBXBuildFile; fileRef = 30F9AFD53029EDB700F78820 /* LaunchScreen.storyboard */; };
		30F9AFDF3029EDB700F78820 /* Main.storyboard in Resources */ = {isa = PBXBuildFile; fileRef = 30F9AFD73029EDB700F78820 /* Main.storyboard */; };
		30F9AFE03029EDB700F78820 /* AppChrome.swift in Sources */ = {isa = PBXBuildFile; fileRef = 30F9AF673029EDB700F78820 /* AppChrome.swift */; };
		30F9AFE13029EDB700F78820 /* CategoryBadgeView.swift in Sources */ = {isa = PBXBuildFile; fileRef = 30F9AF683029EDB700F78820 /* CategoryBadgeView.swift */; };
		30F9AFE23029EDB700F78820 /* Cells.swift in Sources */ = {isa = PBXBuildFile; fileRef = 30F9AF693029EDB700F78820 /* Cells.swift */; };
		30F9AFE33029EDB700F78820 /* DepthDesign.swift in Sources */ = {isa = PBXBuildFile; fileRef = 30F9AF6A3029EDB700F78820 /* DepthDesign.swift */; };
		30F9AFE43029EDB700F78820 /* EmptyStateView.swift in Sources */ = {isa = PBXBuildFile; fileRef = 30F9AF6B3029EDB700F78820 /* EmptyStateView.swift */; };
		30F9AFE53029EDB700F78820 /* FilterChipCell.swift in Sources */ = {isa = PBXBuildFile; fileRef = 30F9AF6C3029EDB700F78820 /* FilterChipCell.swift */; };
		30F9AFE63029EDB700F78820 /* PlatformBadgeView.swift in Sources */ = {isa = PBXBuildFile; fileRef = 30F9AF6D3029EDB700F78820 /* PlatformBadgeView.swift */; };
		30F9AFE73029EDB700F78820 /* ProgressBarView.swift in Sources */ = {isa = PBXBuildFile; fileRef = 30F9AF6E3029EDB700F78820 /* ProgressBarView.swift */; };
		30F9AFE83029EDB700F78820 /* ShareSheet.swift in Sources */ = {isa = PBXBuildFile; fileRef = 30F9AF6F3029EDB700F78820 /* ShareSheet.swift */; };
		30F9AFE93029EDB700F78820 /* Color+Hex.swift in Sources */ = {isa = PBXBuildFile; fileRef = 30F9AF713029EDB700F78820 /* Color+Hex.swift */; };
		30F9AFEA3029EDB700F78820 /* View+Screen.swift in Sources */ = {isa = PBXBuildFile; fileRef = 30F9AF723029EDB700F78820 /* View+Screen.swift */; };
		30F9AFEB3029EDB700F78820 /* AppLink.swift in Sources */ = {isa = PBXBuildFile; fileRef = 30F9AF743029EDB700F78820 /* AppLink.swift */; };
		30F9AFEC3029EDB700F78820 /* NotificationName+App.swift in Sources */ = {isa = PBXBuildFile; fileRef = 30F9AF753029EDB700F78820 /* NotificationName+App.swift */; };
		30F9AFED3029EDB700F78820 /* StorageKey.swift in Sources */ = {isa = PBXBuildFile; fileRef = 30F9AF763029EDB700F78820 /* StorageKey.swift */; };
		30F9AFEE3029EDB700F78820 /* AppCoordinator.swift in Sources */ = {isa = PBXBuildFile; fileRef = 30F9AF793029EDB700F78820 /* AppCoordinator.swift */; };
		30F9AFEF3029EDB700F78820 /* AppsFlyerManager.swift in Sources */ = {isa = PBXBuildFile; fileRef = 30F9AF7B3029EDB700F78820 /* AppsFlyerManager.swift */; };
		30F9AFF03029EDB700F78820 /* ConfigManager.swift in Sources */ = {isa = PBXBuildFile; fileRef = 30F9AF7C3029EDB700F78820 /* ConfigManager.swift */; };
		30F9AFF13029EDB700F78820 /* LoadingManager.swift in Sources */ = {isa = PBXBuildFile; fileRef = 30F9AF7D3029EDB700F78820 /* LoadingManager.swift */; };
		30F9AFF23029EDB700F78820 /* LoadingView.swift in Sources */ = {isa = PBXBuildFile; fileRef = 30F9AF7E3029EDB700F78820 /* LoadingView.swift */; };
		30F9AFF33029EDB700F78820 /* LoadingViewController.swift in Sources */ = {isa = PBXBuildFile; fileRef = 30F9AF7F3029EDB700F78820 /* LoadingViewController.swift */; };
		30F9AFF43029EDB700F78820 /* NetworkAvailability.swift in Sources */ = {isa = PBXBuildFile; fileRef = 30F9AF803029EDB700F78820 /* NetworkAvailability.swift */; };
		30F9AFF53029EDB700F78820 /* NoInternetView.swift in Sources */ = {isa = PBXBuildFile; fileRef = 30F9AF813029EDB700F78820 /* NoInternetView.swift */; };
		30F9AFF63029EDB700F78820 /* NotificationPermissionManager.swift in Sources */ = {isa = PBXBuildFile; fileRef = 30F9AF823029EDB700F78820 /* NotificationPermissionManager.swift */; };
		30F9AFF73029EDB700F78820 /* NotificationPermissionView.swift in Sources */ = {isa = PBXBuildFile; fileRef = 30F9AF833029EDB700F78820 /* NotificationPermissionView.swift */; };
		30F9AFF83029EDB700F78820 /* NotificationPermissionViewController.swift in Sources */ = {isa = PBXBuildFile; fileRef = 30F9AF843029EDB700F78820 /* NotificationPermissionViewController.swift */; };
		30F9AFF93029EDB700F78820 /* PushNotificationURLRouter.swift in Sources */ = {isa = PBXBuildFile; fileRef = 30F9AF853029EDB700F78820 /* PushNotificationURLRouter.swift */; };
		30F9AFFA3029EDB700F78820 /* UserAgentBuilder.swift in Sources */ = {isa = PBXBuildFile; fileRef = 30F9AF863029EDB700F78820 /* UserAgentBuilder.swift */; };
		30F9AFFB3029EDB700F78820 /* WebviewVC.swift in Sources */ = {isa = PBXBuildFile; fileRef = 30F9AF873029EDB700F78820 /* WebviewVC.swift */; };
		30F9AFFC3029EDB700F78820 /* ActivityEvent.swift in Sources */ = {isa = PBXBuildFile; fileRef = 30F9AF893029EDB700F78820 /* ActivityEvent.swift */; };
		30F9AFFD3029EDB700F78820 /* Category.swift in Sources */ = {isa = PBXBuildFile; fileRef = 30F9AF8A3029EDB700F78820 /* Category.swift */; };
		30F9AFFE3029EDB700F78820 /* Course.swift in Sources */ = {isa = PBXBuildFile; fileRef = 30F9AF8B3029EDB700F78820 /* Course.swift */; };
		30F9AFFF3029EDB700F78820 /* FocusSession.swift in Sources */ = {isa = PBXBuildFile; fileRef = 30F9AF8C3029EDB700F78820 /* FocusSession.swift */; };
		30F9B0003029EDB700F78820 /* Lesson.swift in Sources */ = {isa = PBXBuildFile; fileRef = 30F9AF8D3029EDB700F78820 /* Lesson.swift */; };
		30F9B0013029EDB700F78820 /* Note.swift in Sources */ = {isa = PBXBuildFile; fileRef = 30F9AF8E3029EDB700F78820 /* Note.swift */; };
		30F9B0023029EDB700F78820 /* OnboardingPage.swift in Sources */ = {isa = PBXBuildFile; fileRef = 30F9AF8F3029EDB700F78820 /* OnboardingPage.swift */; };
		30F9B0033029EDB700F78820 /* Platform.swift in Sources */ = {isa = PBXBuildFile; fileRef = 30F9AF903029EDB700F78820 /* Platform.swift */; };
		30F9B0043029EDB700F78820 /* Ritual.swift in Sources */ = {isa = PBXBuildFile; fileRef = 30F9AF913029EDB700F78820 /* Ritual.swift */; };
		30F9B0053029EDB700F78820 /* SkillPath.swift in Sources */ = {isa = PBXBuildFile; fileRef = 30F9AF923029EDB700F78820 /* SkillPath.swift */; };
		30F9B0063029EDB700F78820 /* Stats.swift in Sources */ = {isa = PBXBuildFile; fileRef = 30F9AF933029EDB700F78820 /* Stats.swift */; };
		30F9B0073029EDB700F78820 /* TeachBack.swift in Sources */ = {isa = PBXBuildFile; fileRef = 30F9AF943029EDB700F78820 /* TeachBack.swift */; };
		30F9B0083029EDB700F78820 /* CourseEngine.swift in Sources */ = {isa = PBXBuildFile; fileRef = 30F9AF963029EDB700F78820 /* CourseEngine.swift */; };
		30F9B0093029EDB700F78820 /* RitualEngine.swift in Sources */ = {isa = PBXBuildFile; fileRef = 30F9AF973029EDB700F78820 /* RitualEngine.swift */; };
		30F9B00A3029EDB700F78820 /* StorageService.swift in Sources */ = {isa = PBXBuildFile; fileRef = 30F9AF983029EDB700F78820 /* StorageService.swift */; };
		30F9B00B3029EDB700F78820 /* CourseDetailViewModel.swift in Sources */ = {isa = PBXBuildFile; fileRef = 30F9AF9A3029EDB700F78820 /* CourseDetailViewModel.swift */; };
		30F9B00C3029EDB700F78820 /* CourseFormViewModel.swift in Sources */ = {isa = PBXBuildFile; fileRef = 30F9AF9B3029EDB700F78820 /* CourseFormViewModel.swift */; };
		30F9B00D3029EDB700F78820 /* CourseListViewModel.swift in Sources */ = {isa = PBXBuildFile; fileRef = 30F9AF9C3029EDB700F78820 /* CourseListViewModel.swift */; };
		30F9B00E3029EDB700F78820 /* FocusSessionViewModel.swift in Sources */ = {isa = PBXBuildFile; fileRef = 30F9AF9D3029EDB700F78820 /* FocusSessionViewModel.swift */; };
		30F9B00F3029EDB700F78820 /* HomeViewModel.swift in Sources */ = {isa = PBXBuildFile; fileRef = 30F9AF9E3029EDB700F78820 /* HomeViewModel.swift */; };
		30F9B0103029EDB700F78820 /* LessonViewModel.swift in Sources */ = {isa = PBXBuildFile; fileRef = 30F9AF9F3029EDB700F78820 /* LessonViewModel.swift */; };
		30F9B0113029EDB700F78820 /* NoteViewModel.swift in Sources */ = {isa = PBXBuildFile; fileRef = 30F9AFA03029EDB700F78820 /* NoteViewModel.swift */; };
		30F9B0123029EDB700F78820 /* OnboardingViewModel.swift in Sources */ = {isa = PBXBuildFile; fileRef = 30F9AFA13029EDB700F78820 /* OnboardingViewModel.swift */; };
		30F9B0133029EDB700F78820 /* RecallHeatmapViewModel.swift in Sources */ = {isa = PBXBuildFile; fileRef = 30F9AFA23029EDB700F78820 /* RecallHeatmapViewModel.swift */; };
		30F9B0143029EDB700F78820 /* SettingsViewModel.swift in Sources */ = {isa = PBXBuildFile; fileRef = 30F9AFA33029EDB700F78820 /* SettingsViewModel.swift */; };
		30F9B0153029EDB700F78820 /* SkillPathViewModel.swift in Sources */ = {isa = PBXBuildFile; fileRef = 30F9AFA43029EDB700F78820 /* SkillPathViewModel.swift */; };
		30F9B0163029EDB700F78820 /* StatisticsViewModel.swift in Sources */ = {isa = PBXBuildFile; fileRef = 30F9AFA53029EDB700F78820 /* StatisticsViewModel.swift */; };
		30F9B0173029EDB700F78820 /* TeachBackViewModel.swift in Sources */ = {isa = PBXBuildFile; fileRef = 30F9AFA63029EDB700F78820 /* TeachBackViewModel.swift */; };
		30F9B0183029EDB700F78820 /* CourseDetailView.swift in Sources */ = {isa = PBXBuildFile; fileRef = 30F9AFA83029EDB700F78820 /* CourseDetailView.swift */; };
		30F9B0193029EDB700F78820 /* LessonRowView.swift in Sources */ = {isa = PBXBuildFile; fileRef = 30F9AFA93029EDB700F78820 /* LessonRowView.swift */; };
		30F9B01A3029EDB700F78820 /* CourseFormView.swift in Sources */ = {isa = PBXBuildFile; fileRef = 30F9AFAB3029EDB700F78820 /* CourseFormView.swift */; };
		30F9B01B3029EDB700F78820 /* CourseCardView.swift in Sources */ = {isa = PBXBuildFile; fileRef = 30F9AFAD3029EDB700F78820 /* CourseCardView.swift */; };
		30F9B01C3029EDB700F78820 /* CourseListView.swift in Sources */ = {isa = PBXBuildFile; fileRef = 30F9AFAE3029EDB700F78820 /* CourseListView.swift */; };
		30F9B01D3029EDB700F78820 /* FocusSessionView.swift in Sources */ = {isa = PBXBuildFile; fileRef = 30F9AFB13029EDB700F78820 /* FocusSessionView.swift */; };
		30F9B01E3029EDB700F78820 /* RecallHeatmapView.swift in Sources */ = {isa = PBXBuildFile; fileRef = 30F9AFB43029EDB700F78820 /* RecallHeatmapView.swift */; };
		30F9B01F3029EDB700F78820 /* HomeWidgets.swift in Sources */ = {isa = PBXBuildFile; fileRef = 30F9AFB63029EDB700F78820 /* HomeWidgets.swift */; };
		30F9B0203029EDB700F78820 /* QuickActionButton.swift in Sources */ = {isa = PBXBuildFile; fileRef = 30F9AFB73029EDB700F78820 /* QuickActionButton.swift */; };
		30F9B0213029EDB700F78820 /* StatsCard.swift in Sources */ = {isa = PBXBuildFile; fileRef = 30F9AFB83029EDB700F78820 /* StatsCard.swift */; };
		30F9B0223029EDB700F78820 /* HomeView.swift in Sources */ = {isa = PBXBuildFile; fileRef = 30F9AFBA3029EDB700F78820 /* HomeView.swift */; };
		30F9B0233029EDB700F78820 /* LessonDetailView.swift in Sources */ = {isa = PBXBuildFile; fileRef = 30F9AFBC3029EDB700F78820 /* LessonDetailView.swift */; };
		30F9B0243029EDB700F78820 /* NotesView.swift in Sources */ = {isa = PBXBuildFile; fileRef = 30F9AFBE3029EDB700F78820 /* NotesView.swift */; };
		30F9B0253029EDB700F78820 /* OnboardingView.swift in Sources */ = {isa = PBXBuildFile; fileRef = 30F9AFC03029EDB700F78820 /* OnboardingView.swift */; };
		30F9B0263029EDB700F78820 /* SettingsView.swift in Sources */ = {isa = PBXBuildFile; fileRef = 30F9AFC43029EDB700F78820 /* SettingsView.swift */; };
		30F9B0273029EDB700F78820 /* SkillPathView.swift in Sources */ = {isa = PBXBuildFile; fileRef = 30F9AFC73029EDB700F78820 /* SkillPathView.swift */; };
		30F9B0283029EDB700F78820 /* StatisticsView.swift in Sources */ = {isa = PBXBuildFile; fileRef = 30F9AFC93029EDB700F78820 /* StatisticsView.swift */; };
		30F9B0293029EDB700F78820 /* TeachBackView.swift in Sources */ = {isa = PBXBuildFile; fileRef = 30F9AFCB3029EDB700F78820 /* TeachBackView.swift */; };
		30F9B02A3029EDB700F78820 /* AppDelegate.swift in Sources */ = {isa = PBXBuildFile; fileRef = 30F9AFCF3029EDB700F78820 /* AppDelegate.swift */; };
		30F9B02B3029EDB700F78820 /* ContentView.swift in Sources */ = {isa = PBXBuildFile; fileRef = 30F9AFD13029EDB700F78820 /* ContentView.swift */; };
		30F9B02C3029EDB700F78820 /* SceneDelegate.swift in Sources */ = {isa = PBXBuildFile; fileRef = 30F9AFD83029EDB700F78820 /* SceneDelegate.swift */; };
		30F9B02D3029EDB700F78820 /* ViewController.swift in Sources */ = {isa = PBXBuildFile; fileRef = 30F9AFD93029EDB700F78820 /* ViewController.swift */; };
		A10000013000000100000001 /* NotificationServiceExtension.appex in Embed Foundation Extensions */ = {isa = PBXBuildFile; fileRef = A10000023000000200000002 /* NotificationServiceExtension.appex */; settings = {ATTRIBUTES = (RemoveHeadersOnCopy, ); }; };
		B20000900000000000000090 /* FirebaseMessaging in Frameworks */ = {isa = PBXBuildFile; productRef = B20000800000000000000080 /* FirebaseMessaging */; };
		B20000910000000000000091 /* AppsFlyerLib-Static in Frameworks */ = {isa = PBXBuildFile; productRef = B20000810000000000000081 /* AppsFlyerLib-Static */; };
		B20000920000000000000092 /* FirebaseMessaging in Frameworks */ = {isa = PBXBuildFile; productRef = B20000820000000000000082 /* FirebaseMessaging */; };
/* End PBXBuildFile section */

/* Begin PBXContainerItemProxy section */
		A10000030000000300000003 /* PBXContainerItemProxy */ = {
			isa = PBXContainerItemProxy;
			containerPortal = 3054B8A5300589B600E71176 /* Project object */;
			proxyType = 1;
			remoteGlobalIDString = A10000043000000400000004;
			remoteInfo = NotificationServiceExtension;
		};
/* End PBXContainerItemProxy section */

/* Begin PBXCopyFilesBuildPhase section */
		A10000053000000500000005 /* Embed Foundation Extensions */ = {
			isa = PBXCopyFilesBuildPhase;
			buildActionMask = 2147483647;
			dstPath = "";
			dstSubfolderSpec = 13;
			files = (
				A10000013000000100000001 /* NotificationServiceExtension.appex in Embed Foundation Extensions */,
			);
			name = "Embed Foundation Extensions";
			runOnlyForDeploymentPostprocessing = 0;
		};
/* End PBXCopyFilesBuildPhase section */

/* Begin PBXFileReference section */
		06557FFEA9912FA8E6C19AED /* Pods-199CourseTracker.debug.xcconfig */ = {isa = PBXFileReference; includeInIndex = 1; lastKnownFileType = text.xcconfig; name = "Pods-199CourseTracker.debug.xcconfig"; path = "Target Support Files/Pods-199CourseTracker/Pods-199CourseTracker.debug.xcconfig"; sourceTree = "<group>"; };
		1BE49B0B59F3CE6DAB429FB3 /* Pods-199CourseTracker.release.xcconfig */ = {isa = PBXFileReference; includeInIndex = 1; lastKnownFileType = text.xcconfig; name = "Pods-199CourseTracker.release.xcconfig"; path = "Target Support Files/Pods-199CourseTracker/Pods-199CourseTracker.release.xcconfig"; sourceTree = "<group>"; };
		3054B8AD300589B600E71176 /* 199CourseTracker.app */ = {isa = PBXFileReference; explicitFileType = wrapper.application; includeInIndex = 0; path = 199CourseTracker.app; sourceTree = BUILT_PRODUCTS_DIR; };
		30F9AF673029EDB700F78820 /* AppChrome.swift */ = {isa = PBXFileReference; lastKnownFileType = sourcecode.swift; path = AppChrome.swift; sourceTree = "<group>"; };
		30F9AF683029EDB700F78820 /* CategoryBadgeView.swift */ = {isa = PBXFileReference; lastKnownFileType = sourcecode.swift; path = CategoryBadgeView.swift; sourceTree = "<group>"; };
		30F9AF693029EDB700F78820 /* Cells.swift */ = {isa = PBXFileReference; lastKnownFileType = sourcecode.swift; path = Cells.swift; sourceTree = "<group>"; };
		30F9AF6A3029EDB700F78820 /* DepthDesign.swift */ = {isa = PBXFileReference; lastKnownFileType = sourcecode.swift; path = DepthDesign.swift; sourceTree = "<group>"; };
		30F9AF6B3029EDB700F78820 /* EmptyStateView.swift */ = {isa = PBXFileReference; lastKnownFileType = sourcecode.swift; path = EmptyStateView.swift; sourceTree = "<group>"; };
		30F9AF6C3029EDB700F78820 /* FilterChipCell.swift */ = {isa = PBXFileReference; lastKnownFileType = sourcecode.swift; path = FilterChipCell.swift; sourceTree = "<group>"; };
		30F9AF6D3029EDB700F78820 /* PlatformBadgeView.swift */ = {isa = PBXFileReference; lastKnownFileType = sourcecode.swift; path = PlatformBadgeView.swift; sourceTree = "<group>"; };
		30F9AF6E3029EDB700F78820 /* ProgressBarView.swift */ = {isa = PBXFileReference; lastKnownFileType = sourcecode.swift; path = ProgressBarView.swift; sourceTree = "<group>"; };
		30F9AF6F3029EDB700F78820 /* ShareSheet.swift */ = {isa = PBXFileReference; lastKnownFileType = sourcecode.swift; path = ShareSheet.swift; sourceTree = "<group>"; };
		30F9AF713029EDB700F78820 /* Color+Hex.swift */ = {isa = PBXFileReference; lastKnownFileType = sourcecode.swift; path = "Color+Hex.swift"; sourceTree = "<group>"; };
		30F9AF723029EDB700F78820 /* View+Screen.swift */ = {isa = PBXFileReference; lastKnownFileType = sourcecode.swift; path = "View+Screen.swift"; sourceTree = "<group>"; };
		30F9AF743029EDB700F78820 /* AppLink.swift */ = {isa = PBXFileReference; lastKnownFileType = sourcecode.swift; path = AppLink.swift; sourceTree = "<group>"; };
		30F9AF753029EDB700F78820 /* NotificationName+App.swift */ = {isa = PBXFileReference; lastKnownFileType = sourcecode.swift; path = "NotificationName+App.swift"; sourceTree = "<group>"; };
		30F9AF763029EDB700F78820 /* StorageKey.swift */ = {isa = PBXFileReference; lastKnownFileType = sourcecode.swift; path = StorageKey.swift; sourceTree = "<group>"; };
		30F9AF793029EDB700F78820 /* AppCoordinator.swift */ = {isa = PBXFileReference; lastKnownFileType = sourcecode.swift; path = AppCoordinator.swift; sourceTree = "<group>"; };
		30F9AF7B3029EDB700F78820 /* AppsFlyerManager.swift */ = {isa = PBXFileReference; lastKnownFileType = sourcecode.swift; path = AppsFlyerManager.swift; sourceTree = "<group>"; };
		30F9AF7C3029EDB700F78820 /* ConfigManager.swift */ = {isa = PBXFileReference; lastKnownFileType = sourcecode.swift; path = ConfigManager.swift; sourceTree = "<group>"; };
		30F9AF7D3029EDB700F78820 /* LoadingManager.swift */ = {isa = PBXFileReference; lastKnownFileType = sourcecode.swift; path = LoadingManager.swift; sourceTree = "<group>"; };
		30F9AF7E3029EDB700F78820 /* LoadingView.swift */ = {isa = PBXFileReference; lastKnownFileType = sourcecode.swift; path = LoadingView.swift; sourceTree = "<group>"; };
		30F9AF7F3029EDB700F78820 /* LoadingViewController.swift */ = {isa = PBXFileReference; lastKnownFileType = sourcecode.swift; path = LoadingViewController.swift; sourceTree = "<group>"; };
		30F9AF803029EDB700F78820 /* NetworkAvailability.swift */ = {isa = PBXFileReference; lastKnownFileType = sourcecode.swift; path = NetworkAvailability.swift; sourceTree = "<group>"; };
		30F9AF813029EDB700F78820 /* NoInternetView.swift */ = {isa = PBXFileReference; lastKnownFileType = sourcecode.swift; path = NoInternetView.swift; sourceTree = "<group>"; };
		30F9AF823029EDB700F78820 /* NotificationPermissionManager.swift */ = {isa = PBXFileReference; lastKnownFileType = sourcecode.swift; path = NotificationPermissionManager.swift; sourceTree = "<group>"; };
		30F9AF833029EDB700F78820 /* NotificationPermissionView.swift */ = {isa = PBXFileReference; lastKnownFileType = sourcecode.swift; path = NotificationPermissionView.swift; sourceTree = "<group>"; };
		30F9AF843029EDB700F78820 /* NotificationPermissionViewController.swift */ = {isa = PBXFileReference; lastKnownFileType = sourcecode.swift; path = NotificationPermissionViewController.swift; sourceTree = "<group>"; };
		30F9AF853029EDB700F78820 /* PushNotificationURLRouter.swift */ = {isa = PBXFileReference; lastKnownFileType = sourcecode.swift; path = PushNotificationURLRouter.swift; sourceTree = "<group>"; };
		30F9AF863029EDB700F78820 /* UserAgentBuilder.swift */ = {isa = PBXFileReference; lastKnownFileType = sourcecode.swift; path = UserAgentBuilder.swift; sourceTree = "<group>"; };
		30F9AF873029EDB700F78820 /* WebviewVC.swift */ = {isa = PBXFileReference; lastKnownFileType = sourcecode.swift; path = WebviewVC.swift; sourceTree = "<group>"; };
		30F9AF893029EDB700F78820 /* ActivityEvent.swift */ = {isa = PBXFileReference; lastKnownFileType = sourcecode.swift; path = ActivityEvent.swift; sourceTree = "<group>"; };
		30F9AF8A3029EDB700F78820 /* Category.swift */ = {isa = PBXFileReference; lastKnownFileType = sourcecode.swift; path = Category.swift; sourceTree = "<group>"; };
		30F9AF8B3029EDB700F78820 /* Course.swift */ = {isa = PBXFileReference; lastKnownFileType = sourcecode.swift; path = Course.swift; sourceTree = "<group>"; };
		30F9AF8C3029EDB700F78820 /* FocusSession.swift */ = {isa = PBXFileReference; lastKnownFileType = sourcecode.swift; path = FocusSession.swift; sourceTree = "<group>"; };
		30F9AF8D3029EDB700F78820 /* Lesson.swift */ = {isa = PBXFileReference; lastKnownFileType = sourcecode.swift; path = Lesson.swift; sourceTree = "<group>"; };
		30F9AF8E3029EDB700F78820 /* Note.swift */ = {isa = PBXFileReference; lastKnownFileType = sourcecode.swift; path = Note.swift; sourceTree = "<group>"; };
		30F9AF8F3029EDB700F78820 /* OnboardingPage.swift */ = {isa = PBXFileReference; lastKnownFileType = sourcecode.swift; path = OnboardingPage.swift; sourceTree = "<group>"; };
		30F9AF903029EDB700F78820 /* Platform.swift */ = {isa = PBXFileReference; lastKnownFileType = sourcecode.swift; path = Platform.swift; sourceTree = "<group>"; };
		30F9AF913029EDB700F78820 /* Ritual.swift */ = {isa = PBXFileReference; lastKnownFileType = sourcecode.swift; path = Ritual.swift; sourceTree = "<group>"; };
		30F9AF923029EDB700F78820 /* SkillPath.swift */ = {isa = PBXFileReference; lastKnownFileType = sourcecode.swift; path = SkillPath.swift; sourceTree = "<group>"; };
		30F9AF933029EDB700F78820 /* Stats.swift */ = {isa = PBXFileReference; lastKnownFileType = sourcecode.swift; path = Stats.swift; sourceTree = "<group>"; };
		30F9AF943029EDB700F78820 /* TeachBack.swift */ = {isa = PBXFileReference; lastKnownFileType = sourcecode.swift; path = TeachBack.swift; sourceTree = "<group>"; };
		30F9AF963029EDB700F78820 /* CourseEngine.swift */ = {isa = PBXFileReference; lastKnownFileType = sourcecode.swift; path = CourseEngine.swift; sourceTree = "<group>"; };
		30F9AF973029EDB700F78820 /* RitualEngine.swift */ = {isa = PBXFileReference; lastKnownFileType = sourcecode.swift; path = RitualEngine.swift; sourceTree = "<group>"; };
		30F9AF983029EDB700F78820 /* StorageService.swift */ = {isa = PBXFileReference; lastKnownFileType = sourcecode.swift; path = StorageService.swift; sourceTree = "<group>"; };
		30F9AF9A3029EDB700F78820 /* CourseDetailViewModel.swift */ = {isa = PBXFileReference; lastKnownFileType = sourcecode.swift; path = CourseDetailViewModel.swift; sourceTree = "<group>"; };
		30F9AF9B3029EDB700F78820 /* CourseFormViewModel.swift */ = {isa = PBXFileReference; lastKnownFileType = sourcecode.swift; path = CourseFormViewModel.swift; sourceTree = "<group>"; };
		30F9AF9C3029EDB700F78820 /* CourseListViewModel.swift */ = {isa = PBXFileReference; lastKnownFileType = sourcecode.swift; path = CourseListViewModel.swift; sourceTree = "<group>"; };
		30F9AF9D3029EDB700F78820 /* FocusSessionViewModel.swift */ = {isa = PBXFileReference; lastKnownFileType = sourcecode.swift; path = FocusSessionViewModel.swift; sourceTree = "<group>"; };
		30F9AF9E3029EDB700F78820 /* HomeViewModel.swift */ = {isa = PBXFileReference; lastKnownFileType = sourcecode.swift; path = HomeViewModel.swift; sourceTree = "<group>"; };
		30F9AF9F3029EDB700F78820 /* LessonViewModel.swift */ = {isa = PBXFileReference; lastKnownFileType = sourcecode.swift; path = LessonViewModel.swift; sourceTree = "<group>"; };
		30F9AFA03029EDB700F78820 /* NoteViewModel.swift */ = {isa = PBXFileReference; lastKnownFileType = sourcecode.swift; path = NoteViewModel.swift; sourceTree = "<group>"; };
		30F9AFA13029EDB700F78820 /* OnboardingViewModel.swift */ = {isa = PBXFileReference; lastKnownFileType = sourcecode.swift; path = OnboardingViewModel.swift; sourceTree = "<group>"; };
		30F9AFA23029EDB700F78820 /* RecallHeatmapViewModel.swift */ = {isa = PBXFileReference; lastKnownFileType = sourcecode.swift; path = RecallHeatmapViewModel.swift; sourceTree = "<group>"; };
		30F9AFA33029EDB700F78820 /* SettingsViewModel.swift */ = {isa = PBXFileReference; lastKnownFileType = sourcecode.swift; path = SettingsViewModel.swift; sourceTree = "<group>"; };
		30F9AFA43029EDB700F78820 /* SkillPathViewModel.swift */ = {isa = PBXFileReference; lastKnownFileType = sourcecode.swift; path = SkillPathViewModel.swift; sourceTree = "<group>"; };
		30F9AFA53029EDB700F78820 /* StatisticsViewModel.swift */ = {isa = PBXFileReference; lastKnownFileType = sourcecode.swift; path = StatisticsViewModel.swift; sourceTree = "<group>"; };
		30F9AFA63029EDB700F78820 /* TeachBackViewModel.swift */ = {isa = PBXFileReference; lastKnownFileType = sourcecode.swift; path = TeachBackViewModel.swift; sourceTree = "<group>"; };
		30F9AFA83029EDB700F78820 /* CourseDetailView.swift */ = {isa = PBXFileReference; lastKnownFileType = sourcecode.swift; path = CourseDetailView.swift; sourceTree = "<group>"; };
		30F9AFA93029EDB700F78820 /* LessonRowView.swift */ = {isa = PBXFileReference; lastKnownFileType = sourcecode.swift; path = LessonRowView.swift; sourceTree = "<group>"; };
		30F9AFAB3029EDB700F78820 /* CourseFormView.swift */ = {isa = PBXFileReference; lastKnownFileType = sourcecode.swift; path = CourseFormView.swift; sourceTree = "<group>"; };
		30F9AFAD3029EDB700F78820 /* CourseCardView.swift */ = {isa = PBXFileReference; lastKnownFileType = sourcecode.swift; path = CourseCardView.swift; sourceTree = "<group>"; };
		30F9AFAE3029EDB700F78820 /* CourseListView.swift */ = {isa = PBXFileReference; lastKnownFileType = sourcecode.swift; path = CourseListView.swift; sourceTree = "<group>"; };
		30F9AFB13029EDB700F78820 /* FocusSessionView.swift */ = {isa = PBXFileReference; lastKnownFileType = sourcecode.swift; path = FocusSessionView.swift; sourceTree = "<group>"; };
		30F9AFB43029EDB700F78820 /* RecallHeatmapView.swift */ = {isa = PBXFileReference; lastKnownFileType = sourcecode.swift; path = RecallHeatmapView.swift; sourceTree = "<group>"; };
		30F9AFB63029EDB700F78820 /* HomeWidgets.swift */ = {isa = PBXFileReference; lastKnownFileType = sourcecode.swift; path = HomeWidgets.swift; sourceTree = "<group>"; };
		30F9AFB73029EDB700F78820 /* QuickActionButton.swift */ = {isa = PBXFileReference; lastKnownFileType = sourcecode.swift; path = QuickActionButton.swift; sourceTree = "<group>"; };
		30F9AFB83029EDB700F78820 /* StatsCard.swift */ = {isa = PBXFileReference; lastKnownFileType = sourcecode.swift; path = StatsCard.swift; sourceTree = "<group>"; };
		30F9AFBA3029EDB700F78820 /* HomeView.swift */ = {isa = PBXFileReference; lastKnownFileType = sourcecode.swift; path = HomeView.swift; sourceTree = "<group>"; };
		30F9AFBC3029EDB700F78820 /* LessonDetailView.swift */ = {isa = PBXFileReference; lastKnownFileType = sourcecode.swift; path = LessonDetailView.swift; sourceTree = "<group>"; };
		30F9AFBE3029EDB700F78820 /* NotesView.swift */ = {isa = PBXFileReference; lastKnownFileType = sourcecode.swift; path = NotesView.swift; sourceTree = "<group>"; };
		30F9AFC03029EDB700F78820 /* OnboardingView.swift */ = {isa = PBXFileReference; lastKnownFileType = sourcecode.swift; path = OnboardingView.swift; sourceTree = "<group>"; };
		30F9AFC43029EDB700F78820 /* SettingsView.swift */ = {isa = PBXFileReference; lastKnownFileType = sourcecode.swift; path = SettingsView.swift; sourceTree = "<group>"; };
		30F9AFC73029EDB700F78820 /* SkillPathView.swift */ = {isa = PBXFileReference; lastKnownFileType = sourcecode.swift; path = SkillPathView.swift; sourceTree = "<group>"; };
		30F9AFC93029EDB700F78820 /* StatisticsView.swift */ = {isa = PBXFileReference; lastKnownFileType = sourcecode.swift; path = StatisticsView.swift; sourceTree = "<group>"; };
		30F9AFCB3029EDB700F78820 /* TeachBackView.swift */ = {isa = PBXFileReference; lastKnownFileType = sourcecode.swift; path = TeachBackView.swift; sourceTree = "<group>"; };
		30F9AFCE3029EDB700F78820 /* 199CourseTracker.entitlements */ = {isa = PBXFileReference; lastKnownFileType = text.plist.entitlements; path = 199CourseTracker.entitlements; sourceTree = "<group>"; };
		30F9AFCF3029EDB700F78820 /* AppDelegate.swift */ = {isa = PBXFileReference; lastKnownFileType = sourcecode.swift; path = AppDelegate.swift; sourceTree = "<group>"; };
		30F9AFD03029EDB700F78820 /* Assets.xcassets */ = {isa = PBXFileReference; lastKnownFileType = folder.assetcatalog; path = Assets.xcassets; sourceTree = "<group>"; };
		30F9AFD13029EDB700F78820 /* ContentView.swift */ = {isa = PBXFileReference; lastKnownFileType = sourcecode.swift; path = ContentView.swift; sourceTree = "<group>"; };
		30F9AFD23029EDB700F78820 /* GoogleService-Info.plist */ = {isa = PBXFileReference; lastKnownFileType = text.plist.xml; path = "GoogleService-Info.plist"; sourceTree = "<group>"; };
		30F9AFD33029EDB700F78820 /* Info.plist */ = {isa = PBXFileReference; lastKnownFileType = text.plist.xml; path = Info.plist; sourceTree = "<group>"; };
		30F9AFD43029EDB700F78820 /* Base */ = {isa = PBXFileReference; lastKnownFileType = file.storyboard; name = Base; path = Base.lproj/LaunchScreen.storyboard; sourceTree = "<group>"; };
		30F9AFD63029EDB700F78820 /* Base */ = {isa = PBXFileReference; lastKnownFileType = file.storyboard; name = Base; path = Base.lproj/Main.storyboard; sourceTree = "<group>"; };
		30F9AFD83029EDB700F78820 /* SceneDelegate.swift */ = {isa = PBXFileReference; lastKnownFileType = sourcecode.swift; path = SceneDelegate.swift; sourceTree = "<group>"; };
		30F9AFD93029EDB700F78820 /* ViewController.swift */ = {isa = PBXFileReference; lastKnownFileType = sourcecode.swift; path = ViewController.swift; sourceTree = "<group>"; };
		A10000023000000200000002 /* NotificationServiceExtension.appex */ = {isa = PBXFileReference; explicitFileType = "wrapper.app-extension"; includeInIndex = 0; path = NotificationServiceExtension.appex; sourceTree = BUILT_PRODUCTS_DIR; };
		B61B3888984A88A959A863B6 /* Pods_199CourseTracker.framework */ = {isa = PBXFileReference; explicitFileType = wrapper.framework; includeInIndex = 0; path = Pods_199CourseTracker.framework; sourceTree = BUILT_PRODUCTS_DIR; };
/* End PBXFileReference section */

/* Begin PBXFileSystemSynchronizedRootGroup section */
		A10000183000001800000018 /* NotificationServiceExtension */ = {isa = PBXFileSystemSynchronizedRootGroup; explicitFileTypes = {}; explicitFolders = (); path = NotificationServiceExtension; sourceTree = "<group>"; };
/* End PBXFileSystemSynchronizedRootGroup section */

/* Begin PBXFrameworksBuildPhase section */
		3054B8AA300589B600E71176 /* Frameworks */ = {
			isa = PBXFrameworksBuildPhase;
			buildActionMask = 2147483647;
			files = (
				B20000900000000000000090 /* FirebaseMessaging in Frameworks */,
				B20000910000000000000091 /* AppsFlyerLib-Static in Frameworks */,
			);
			runOnlyForDeploymentPostprocessing = 0;
		};
		A10000083000000800000008 /* Frameworks */ = {
			isa = PBXFrameworksBuildPhase;
			buildActionMask = 2147483647;
			files = (
				B20000920000000000000092 /* FirebaseMessaging in Frameworks */,
			);
			runOnlyForDeploymentPostprocessing = 0;
		};
/* End PBXFrameworksBuildPhase section */

/* Begin PBXGroup section */
		3054B8A4300589B600E71176 = {
			isa = PBXGroup;
			children = (
				30F9AFDA3029EDB700F78820 /* 199CourseTracker */,
				A10000183000001800000018 /* NotificationServiceExtension */,
				3054B8AE300589B600E71176 /* Products */,
				D287E01649FEF77B0314E5E8 /* Pods */,
				70AC8CEDF5F33E7FDC6F34C9 /* Frameworks */,
			);
			sourceTree = "<group>";
		};
		3054B8AE300589B600E71176 /* Products */ = {
			isa = PBXGroup;
			children = (
				3054B8AD300589B600E71176 /* 199CourseTracker.app */,
				A10000023000000200000002 /* NotificationServiceExtension.appex */,
			);
			name = Products;
			sourceTree = "<group>";
		};
		30F9AF703029EDB700F78820 /* Components */ = {
			isa = PBXGroup;
			children = (
				30F9AF673029EDB700F78820 /* AppChrome.swift */,
				30F9AF683029EDB700F78820 /* CategoryBadgeView.swift */,
				30F9AF693029EDB700F78820 /* Cells.swift */,
				30F9AF6A3029EDB700F78820 /* DepthDesign.swift */,
				30F9AF6B3029EDB700F78820 /* EmptyStateView.swift */,
				30F9AF6C3029EDB700F78820 /* FilterChipCell.swift */,
				30F9AF6D3029EDB700F78820 /* PlatformBadgeView.swift */,
				30F9AF6E3029EDB700F78820 /* ProgressBarView.swift */,
				30F9AF6F3029EDB700F78820 /* ShareSheet.swift */,
			);
			path = Components;
			sourceTree = "<group>";
		};
		30F9AF733029EDB700F78820 /* Extensions */ = {
			isa = PBXGroup;
			children = (
				30F9AF713029EDB700F78820 /* Color+Hex.swift */,
				30F9AF723029EDB700F78820 /* View+Screen.swift */,
			);
			path = Extensions;
			sourceTree = "<group>";
		};
		30F9AF773029EDB700F78820 /* Utilities */ = {
			isa = PBXGroup;
			children = (
				30F9AF743029EDB700F78820 /* AppLink.swift */,
				30F9AF753029EDB700F78820 /* NotificationName+App.swift */,
				30F9AF763029EDB700F78820 /* StorageKey.swift */,
			);
			path = Utilities;
			sourceTree = "<group>";
		};
		30F9AF783029EDB700F78820 /* Common */ = {
			isa = PBXGroup;
			children = (
				30F9AF703029EDB700F78820 /* Components */,
				30F9AF733029EDB700F78820 /* Extensions */,
				30F9AF773029EDB700F78820 /* Utilities */,
			);
			path = Common;
			sourceTree = "<group>";
		};
		30F9AF7A3029EDB700F78820 /* Coordinators */ = {
			isa = PBXGroup;
			children = (
				30F9AF793029EDB700F78820 /* AppCoordinator.swift */,
			);
			path = Coordinators;
			sourceTree = "<group>";
		};
		30F9AF883029EDB700F78820 /* Loading */ = {
			isa = PBXGroup;
			children = (
				30F9AF7B3029EDB700F78820 /* AppsFlyerManager.swift */,
				30F9AF7C3029EDB700F78820 /* ConfigManager.swift */,
				30F9AF7D3029EDB700F78820 /* LoadingManager.swift */,
				30F9AF7E3029EDB700F78820 /* LoadingView.swift */,
				30F9AF7F3029EDB700F78820 /* LoadingViewController.swift */,
				30F9AF803029EDB700F78820 /* NetworkAvailability.swift */,
				30F9AF813029EDB700F78820 /* NoInternetView.swift */,
				30F9AF823029EDB700F78820 /* NotificationPermissionManager.swift */,
				30F9AF833029EDB700F78820 /* NotificationPermissionView.swift */,
				30F9AF843029EDB700F78820 /* NotificationPermissionViewController.swift */,
				30F9AF853029EDB700F78820 /* PushNotificationURLRouter.swift */,
				30F9AF863029EDB700F78820 /* UserAgentBuilder.swift */,
				30F9AF873029EDB700F78820 /* WebviewVC.swift */,
			);
			path = Loading;
			sourceTree = "<group>";
		};
		30F9AF953029EDB700F78820 /* Models */ = {
			isa = PBXGroup;
			children = (
				30F9AF893029EDB700F78820 /* ActivityEvent.swift */,
				30F9AF8A3029EDB700F78820 /* Category.swift */,
				30F9AF8B3029EDB700F78820 /* Course.swift */,
				30F9AF8C3029EDB700F78820 /* FocusSession.swift */,
				30F9AF8D3029EDB700F78820 /* Lesson.swift */,
				30F9AF8E3029EDB700F78820 /* Note.swift */,
				30F9AF8F3029EDB700F78820 /* OnboardingPage.swift */,
				30F9AF903029EDB700F78820 /* Platform.swift */,
				30F9AF913029EDB700F78820 /* Ritual.swift */,
				30F9AF923029EDB700F78820 /* SkillPath.swift */,
				30F9AF933029EDB700F78820 /* Stats.swift */,
				30F9AF943029EDB700F78820 /* TeachBack.swift */,
			);
			path = Models;
			sourceTree = "<group>";
		};
		30F9AF993029EDB700F78820 /* Services */ = {
			isa = PBXGroup;
			children = (
				30F9AF963029EDB700F78820 /* CourseEngine.swift */,
				30F9AF973029EDB700F78820 /* RitualEngine.swift */,
				30F9AF983029EDB700F78820 /* StorageService.swift */,
			);
			path = Services;
			sourceTree = "<group>";
		};
		30F9AFA73029EDB700F78820 /* ViewModels */ = {
			isa = PBXGroup;
			children = (
				30F9AF9A3029EDB700F78820 /* CourseDetailViewModel.swift */,
				30F9AF9B3029EDB700F78820 /* CourseFormViewModel.swift */,
				30F9AF9C3029EDB700F78820 /* CourseListViewModel.swift */,
				30F9AF9D3029EDB700F78820 /* FocusSessionViewModel.swift */,
				30F9AF9E3029EDB700F78820 /* HomeViewModel.swift */,
				30F9AF9F3029EDB700F78820 /* LessonViewModel.swift */,
				30F9AFA03029EDB700F78820 /* NoteViewModel.swift */,
				30F9AFA13029EDB700F78820 /* OnboardingViewModel.swift */,
				30F9AFA23029EDB700F78820 /* RecallHeatmapViewModel.swift */,
				30F9AFA33029EDB700F78820 /* SettingsViewModel.swift */,
				30F9AFA43029EDB700F78820 /* SkillPathViewModel.swift */,
				30F9AFA53029EDB700F78820 /* StatisticsViewModel.swift */,
				30F9AFA63029EDB700F78820 /* TeachBackViewModel.swift */,
			);
			path = ViewModels;
			sourceTree = "<group>";
		};
		30F9AFAA3029EDB700F78820 /* CourseDetail */ = {
			isa = PBXGroup;
			children = (
				30F9AFA83029EDB700F78820 /* CourseDetailView.swift */,
				30F9AFA93029EDB700F78820 /* LessonRowView.swift */,
			);
			path = CourseDetail;
			sourceTree = "<group>";
		};
		30F9AFAC3029EDB700F78820 /* CourseForm */ = {
			isa = PBXGroup;
			children = (
				30F9AFAB3029EDB700F78820 /* CourseFormView.swift */,
			);
			path = CourseForm;
			sourceTree = "<group>";
		};
		30F9AFAF3029EDB700F78820 /* CourseList */ = {
			isa = PBXGroup;
			children = (
				30F9AFAD3029EDB700F78820 /* CourseCardView.swift */,
				30F9AFAE3029EDB700F78820 /* CourseListView.swift */,
			);
			path = CourseList;
			sourceTree = "<group>";
		};
		30F9AFB03029EDB700F78820 /* Components */ = {
			isa = PBXGroup;
			children = (
			);
			path = Components;
			sourceTree = "<group>";
		};
		30F9AFB23029EDB700F78820 /* Focus */ = {
			isa = PBXGroup;
			children = (
				30F9AFB03029EDB700F78820 /* Components */,
				30F9AFB13029EDB700F78820 /* FocusSessionView.swift */,
			);
			path = Focus;
			sourceTree = "<group>";
		};
		30F9AFB33029EDB700F78820 /* Components */ = {
			isa = PBXGroup;
			children = (
			);
			path = Components;
			sourceTree = "<group>";
		};
		30F9AFB53029EDB700F78820 /* Heatmap */ = {
			isa = PBXGroup;
			children = (
				30F9AFB33029EDB700F78820 /* Components */,
				30F9AFB43029EDB700F78820 /* RecallHeatmapView.swift */,
			);
			path = Heatmap;
			sourceTree = "<group>";
		};
		30F9AFB93029EDB700F78820 /* Components */ = {
			isa = PBXGroup;
			children = (
				30F9AFB63029EDB700F78820 /* HomeWidgets.swift */,
				30F9AFB73029EDB700F78820 /* QuickActionButton.swift */,
				30F9AFB83029EDB700F78820 /* StatsCard.swift */,
			);
			path = Components;
			sourceTree = "<group>";
		};
		30F9AFBB3029EDB700F78820 /* Home */ = {
			isa = PBXGroup;
			children = (
				30F9AFB93029EDB700F78820 /* Components */,
				30F9AFBA3029EDB700F78820 /* HomeView.swift */,
			);
			path = Home;
			sourceTree = "<group>";
		};
		30F9AFBD3029EDB700F78820 /* Lesson */ = {
			isa = PBXGroup;
			children = (
				30F9AFBC3029EDB700F78820 /* LessonDetailView.swift */,
			);
			path = Lesson;
			sourceTree = "<group>";
		};
		30F9AFBF3029EDB700F78820 /* Notes */ = {
			isa = PBXGroup;
			children = (
				30F9AFBE3029EDB700F78820 /* NotesView.swift */,
			);
			path = Notes;
			sourceTree = "<group>";
		};
		30F9AFC13029EDB700F78820 /* Onboarding */ = {
			isa = PBXGroup;
			children = (
				30F9AFC03029EDB700F78820 /* OnboardingView.swift */,
			);
			path = Onboarding;
			sourceTree = "<group>";
		};
		30F9AFC23029EDB700F78820 /* Components */ = {
			isa = PBXGroup;
			children = (
			);
			path = Components;
			sourceTree = "<group>";
		};
		30F9AFC33029EDB700F78820 /* Ritual */ = {
			isa = PBXGroup;
			children = (
				30F9AFC23029EDB700F78820 /* Components */,
			);
			path = Ritual;
			sourceTree = "<group>";
		};
		30F9AFC53029EDB700F78820 /* Settings */ = {
			isa = PBXGroup;
			children = (
				30F9AFC43029EDB700F78820 /* SettingsView.swift */,
			);
			path = Settings;
			sourceTree = "<group>";
		};
		30F9AFC63029EDB700F78820 /* Components */ = {
			isa = PBXGroup;
			children = (
			);
			path = Components;
			sourceTree = "<group>";
		};
		30F9AFC83029EDB700F78820 /* SkillPath */ = {
			isa = PBXGroup;
			children = (
				30F9AFC63029EDB700F78820 /* Components */,
				30F9AFC73029EDB700F78820 /* SkillPathView.swift */,
			);
			path = SkillPath;
			sourceTree = "<group>";
		};
		30F9AFCA3029EDB700F78820 /* Statistics */ = {
			isa = PBXGroup;
			children = (
				30F9AFC93029EDB700F78820 /* StatisticsView.swift */,
			);
			path = Statistics;
			sourceTree = "<group>";
		};
		30F9AFCC3029EDB700F78820 /* TeachBack */ = {
			isa = PBXGroup;
			children = (
				30F9AFCB3029EDB700F78820 /* TeachBackView.swift */,
			);
			path = TeachBack;
			sourceTree = "<group>";
		};
		30F9AFCD3029EDB700F78820 /* Views */ = {
			isa = PBXGroup;
			children = (
				30F9AFAA3029EDB700F78820 /* CourseDetail */,
				30F9AFAC3029EDB700F78820 /* CourseForm */,
				30F9AFAF3029EDB700F78820 /* CourseList */,
				30F9AFB23029EDB700F78820 /* Focus */,
				30F9AFB53029EDB700F78820 /* Heatmap */,
				30F9AFBB3029EDB700F78820 /* Home */,
				30F9AFBD3029EDB700F78820 /* Lesson */,
				30F9AFBF3029EDB700F78820 /* Notes */,
				30F9AFC13029EDB700F78820 /* Onboarding */,
				30F9AFC33029EDB700F78820 /* Ritual */,
				30F9AFC53029EDB700F78820 /* Settings */,
				30F9AFC83029EDB700F78820 /* SkillPath */,
				30F9AFCA3029EDB700F78820 /* Statistics */,
				30F9AFCC3029EDB700F78820 /* TeachBack */,
			);
			path = Views;
			sourceTree = "<group>";
		};
		30F9AFDA3029EDB700F78820 /* 199CourseTracker */ = {
			isa = PBXGroup;
			children = (
				30F9AF783029EDB700F78820 /* Common */,
				30F9AF7A3029EDB700F78820 /* Coordinators */,
				30F9AF883029EDB700F78820 /* Loading */,
				30F9AF953029EDB700F78820 /* Models */,
				30F9AF993029EDB700F78820 /* Services */,
				30F9AFA73029EDB700F78820 /* ViewModels */,
				30F9AFCD3029EDB700F78820 /* Views */,
				30F9AFCE3029EDB700F78820 /* 199CourseTracker.entitlements */,
				30F9AFCF3029EDB700F78820 /* AppDelegate.swift */,
				30F9AFD03029EDB700F78820 /* Assets.xcassets */,
				30F9AFD13029EDB700F78820 /* ContentView.swift */,
				30F9AFD23029EDB700F78820 /* GoogleService-Info.plist */,
				30F9AFD33029EDB700F78820 /* Info.plist */,
				30F9AFD53029EDB700F78820 /* LaunchScreen.storyboard */,
				30F9AFD73029EDB700F78820 /* Main.storyboard */,
				30F9AFD83029EDB700F78820 /* SceneDelegate.swift */,
				30F9AFD93029EDB700F78820 /* ViewController.swift */,
			);
			path = 199CourseTracker;
			sourceTree = "<group>";
		};
		70AC8CEDF5F33E7FDC6F34C9 /* Frameworks */ = {
			isa = PBXGroup;
			children = (
				B61B3888984A88A959A863B6 /* Pods_199CourseTracker.framework */,
			);
			name = Frameworks;
			sourceTree = "<group>";
		};
		D287E01649FEF77B0314E5E8 /* Pods */ = {
			isa = PBXGroup;
			children = (
				06557FFEA9912FA8E6C19AED /* Pods-199CourseTracker.debug.xcconfig */,
				1BE49B0B59F3CE6DAB429FB3 /* Pods-199CourseTracker.release.xcconfig */,
			);
			path = Pods;
			sourceTree = "<group>";
		};
/* End PBXGroup section */

/* Begin PBXNativeTarget section */
		3054B8AC300589B600E71176 /* 199CourseTracker */ = {
			isa = PBXNativeTarget;
			buildConfigurationList = 3054B8C0300589B700E71176 /* Build configuration list for PBXNativeTarget "199CourseTracker" */;
			buildPhases = (
				3010284FC454ED8826BD32B8 /* [CP] Check Pods Manifest.lock */,
				3054B8A9300589B600E71176 /* Sources */,
				3054B8AA300589B600E71176 /* Frameworks */,
				3054B8AB300589B600E71176 /* Resources */,
				A10000053000000500000005 /* Embed Foundation Extensions */,
			);
			buildRules = (
			);
			dependencies = (
				A10000090000000900000009 /* PBXTargetDependency */,
			);
			name = 199CourseTracker;
			packageProductDependencies = (
				B20000800000000000000080 /* FirebaseMessaging */,
				B20000810000000000000081 /* AppsFlyerLib-Static */,
			);
			productName = 199CourseTracker;
			productReference = 3054B8AD300589B600E71176 /* 199CourseTracker.app */;
			productType = "com.apple.product-type.application";
		};
		A10000043000000400000004 /* NotificationServiceExtension */ = {
			isa = PBXNativeTarget;
			buildConfigurationList = A10000103000001000000010 /* Build configuration list for PBXNativeTarget "NotificationServiceExtension" */;
			buildPhases = (
				A10000113000001100000011 /* Sources */,
				A10000083000000800000008 /* Frameworks */,
			);
			buildRules = (
			);
			dependencies = (
			);
			fileSystemSynchronizedGroups = (
				A10000183000001800000018 /* NotificationServiceExtension */,
			);
			name = NotificationServiceExtension;
			packageProductDependencies = (
				B20000820000000000000082 /* FirebaseMessaging */,
			);
			productName = NotificationServiceExtension;
			productReference = A10000023000000200000002 /* NotificationServiceExtension.appex */;
			productType = "com.apple.product-type.app-extension";
		};
/* End PBXNativeTarget section */

/* Begin PBXProject section */
		3054B8A5300589B600E71176 /* Project object */ = {
			isa = PBXProject;
			attributes = {
				BuildIndependentTargetsInParallel = 1;
				LastSwiftUpdateCheck = 2660;
				LastUpgradeCheck = 2660;
				TargetAttributes = {
					3054B8AC300589B600E71176 = {
						CreatedOnToolsVersion = 26.6;
					};
					A10000043000000400000004 = {
						CreatedOnToolsVersion = 26.6;
					};
				};
			};
			buildConfigurationList = 3054B8A8300589B600E71176 /* Build configuration list for PBXProject "199CourseTracker" */;
			compatibilityVersion = "Xcode 15.0";
			developmentRegion = en;
			hasScannedForEncodings = 0;
			knownRegions = (
				en,
				Base,
			);
			mainGroup = 3054B8A4300589B600E71176;
			packageReferences = (
				B20000700000000000000070 /* XCRemoteSwiftPackageReference "firebase-ios-sdk" */,
				B20000710000000000000071 /* XCRemoteSwiftPackageReference "AppsFlyerFramework-Static" */,
			);
			productRefGroup = 3054B8AE300589B600E71176 /* Products */;
			projectDirPath = "";
			projectRoot = "";
			targets = (
				3054B8AC300589B600E71176 /* 199CourseTracker */,
				A10000043000000400000004 /* NotificationServiceExtension */,
			);
		};
/* End PBXProject section */

/* Begin PBXResourcesBuildPhase section */
		3054B8AB300589B600E71176 /* Resources */ = {
			isa = PBXResourcesBuildPhase;
			buildActionMask = 2147483647;
			files = (
				30F9AFDB3029EDB700F78820 /* Assets.xcassets in Resources */,
				30F9AFDC3029EDB700F78820 /* GoogleService-Info.plist in Resources */,
				30F9AFDE3029EDB700F78820 /* LaunchScreen.storyboard in Resources */,
				30F9AFDF3029EDB700F78820 /* Main.storyboard in Resources */,
			);
			runOnlyForDeploymentPostprocessing = 0;
		};
/* End PBXResourcesBuildPhase section */

/* Begin PBXShellScriptBuildPhase section */
		3010284FC454ED8826BD32B8 /* [CP] Check Pods Manifest.lock */ = {
			isa = PBXShellScriptBuildPhase;
			buildActionMask = 2147483647;
			files = (
			);
			inputFileListPaths = (
			);
			inputPaths = (
				"${PODS_PODFILE_DIR_PATH}/Podfile.lock",
				"${PODS_ROOT}/Manifest.lock",
			);
			name = "[CP] Check Pods Manifest.lock";
			outputFileListPaths = (
			);
			outputPaths = (
				"$(DERIVED_FILE_DIR)/Pods-199CourseTracker-checkManifestLockResult.txt",
			);
			runOnlyForDeploymentPostprocessing = 0;
			shellPath = /bin/sh;
			shellScript = "diff \"${PODS_PODFILE_DIR_PATH}/Podfile.lock\" \"${PODS_ROOT}/Manifest.lock\" > /dev/null\nif [ $? != 0 ] ; then\n    # print error to STDERR\n    echo \"error: The sandbox is not in sync with the Podfile.lock. Run 'pod install' or update your CocoaPods installation.\" >&2\n    exit 1\nfi\n# This output is used by Xcode 'outputs' to avoid re-running this script phase.\necho \"SUCCESS\" > \"${SCRIPT_OUTPUT_FILE_0}\"\n";
			showEnvVarsInLog = 0;
		};
/* End PBXShellScriptBuildPhase section */

/* Begin PBXSourcesBuildPhase section */
		3054B8A9300589B600E71176 /* Sources */ = {
			isa = PBXSourcesBuildPhase;
			buildActionMask = 2147483647;
			files = (
				30F9AFE03029EDB700F78820 /* AppChrome.swift in Sources */,
				30F9AFE13029EDB700F78820 /* CategoryBadgeView.swift in Sources */,
				30F9AFE23029EDB700F78820 /* Cells.swift in Sources */,
				30F9AFE33029EDB700F78820 /* DepthDesign.swift in Sources */,
				30F9AFE43029EDB700F78820 /* EmptyStateView.swift in Sources */,
				30F9AFE53029EDB700F78820 /* FilterChipCell.swift in Sources */,
				30F9AFE63029EDB700F78820 /* PlatformBadgeView.swift in Sources */,
				30F9AFE73029EDB700F78820 /* ProgressBarView.swift in Sources */,
				30F9AFE83029EDB700F78820 /* ShareSheet.swift in Sources */,
				30F9AFE93029EDB700F78820 /* Color+Hex.swift in Sources */,
				30F9AFEA3029EDB700F78820 /* View+Screen.swift in Sources */,
				30F9AFEB3029EDB700F78820 /* AppLink.swift in Sources */,
				30F9AFEC3029EDB700F78820 /* NotificationName+App.swift in Sources */,
				30F9AFED3029EDB700F78820 /* StorageKey.swift in Sources */,
				30F9AFEE3029EDB700F78820 /* AppCoordinator.swift in Sources */,
				30F9AFEF3029EDB700F78820 /* AppsFlyerManager.swift in Sources */,
				30F9AFF03029EDB700F78820 /* ConfigManager.swift in Sources */,
				30F9AFF13029EDB700F78820 /* LoadingManager.swift in Sources */,
				30F9AFF23029EDB700F78820 /* LoadingView.swift in Sources */,
				30F9AFF33029EDB700F78820 /* LoadingViewController.swift in Sources */,
				30F9AFF43029EDB700F78820 /* NetworkAvailability.swift in Sources */,
				30F9AFF53029EDB700F78820 /* NoInternetView.swift in Sources */,
				30F9AFF63029EDB700F78820 /* NotificationPermissionManager.swift in Sources */,
				30F9AFF73029EDB700F78820 /* NotificationPermissionView.swift in Sources */,
				30F9AFF83029EDB700F78820 /* NotificationPermissionViewController.swift in Sources */,
				30F9AFF93029EDB700F78820 /* PushNotificationURLRouter.swift in Sources */,
				30F9AFFA3029EDB700F78820 /* UserAgentBuilder.swift in Sources */,
				30F9AFFB3029EDB700F78820 /* WebviewVC.swift in Sources */,
				30F9AFFC3029EDB700F78820 /* ActivityEvent.swift in Sources */,
				30F9AFFD3029EDB700F78820 /* Category.swift in Sources */,
				30F9AFFE3029EDB700F78820 /* Course.swift in Sources */,
				30F9AFFF3029EDB700F78820 /* FocusSession.swift in Sources */,
				30F9B0003029EDB700F78820 /* Lesson.swift in Sources */,
				30F9B0013029EDB700F78820 /* Note.swift in Sources */,
				30F9B0023029EDB700F78820 /* OnboardingPage.swift in Sources */,
				30F9B0033029EDB700F78820 /* Platform.swift in Sources */,
				30F9B0043029EDB700F78820 /* Ritual.swift in Sources */,
				30F9B0053029EDB700F78820 /* SkillPath.swift in Sources */,
				30F9B0063029EDB700F78820 /* Stats.swift in Sources */,
				30F9B0073029EDB700F78820 /* TeachBack.swift in Sources */,
				30F9B0083029EDB700F78820 /* CourseEngine.swift in Sources */,
				30F9B0093029EDB700F78820 /* RitualEngine.swift in Sources */,
				30F9B00A3029EDB700F78820 /* StorageService.swift in Sources */,
				30F9B00B3029EDB700F78820 /* CourseDetailViewModel.swift in Sources */,
				30F9B00C3029EDB700F78820 /* CourseFormViewModel.swift in Sources */,
				30F9B00D3029EDB700F78820 /* CourseListViewModel.swift in Sources */,
				30F9B00E3029EDB700F78820 /* FocusSessionViewModel.swift in Sources */,
				30F9B00F3029EDB700F78820 /* HomeViewModel.swift in Sources */,
				30F9B0103029EDB700F78820 /* LessonViewModel.swift in Sources */,
				30F9B0113029EDB700F78820 /* NoteViewModel.swift in Sources */,
				30F9B0123029EDB700F78820 /* OnboardingViewModel.swift in Sources */,
				30F9B0133029EDB700F78820 /* RecallHeatmapViewModel.swift in Sources */,
				30F9B0143029EDB700F78820 /* SettingsViewModel.swift in Sources */,
				30F9B0153029EDB700F78820 /* SkillPathViewModel.swift in Sources */,
				30F9B0163029EDB700F78820 /* StatisticsViewModel.swift in Sources */,
				30F9B0173029EDB700F78820 /* TeachBackViewModel.swift in Sources */,
				30F9B0183029EDB700F78820 /* CourseDetailView.swift in Sources */,
				30F9B0193029EDB700F78820 /* LessonRowView.swift in Sources */,
				30F9B01A3029EDB700F78820 /* CourseFormView.swift in Sources */,
				30F9B01B3029EDB700F78820 /* CourseCardView.swift in Sources */,
				30F9B01C3029EDB700F78820 /* CourseListView.swift in Sources */,
				30F9B01D3029EDB700F78820 /* FocusSessionView.swift in Sources */,
				30F9B01E3029EDB700F78820 /* RecallHeatmapView.swift in Sources */,
				30F9B01F3029EDB700F78820 /* HomeWidgets.swift in Sources */,
				30F9B0203029EDB700F78820 /* QuickActionButton.swift in Sources */,
				30F9B0213029EDB700F78820 /* StatsCard.swift in Sources */,
				30F9B0223029EDB700F78820 /* HomeView.swift in Sources */,
				30F9B0233029EDB700F78820 /* LessonDetailView.swift in Sources */,
				30F9B0243029EDB700F78820 /* NotesView.swift in Sources */,
				30F9B0253029EDB700F78820 /* OnboardingView.swift in Sources */,
				30F9B0263029EDB700F78820 /* SettingsView.swift in Sources */,
				30F9B0273029EDB700F78820 /* SkillPathView.swift in Sources */,
				30F9B0283029EDB700F78820 /* StatisticsView.swift in Sources */,
				30F9B0293029EDB700F78820 /* TeachBackView.swift in Sources */,
				30F9B02A3029EDB700F78820 /* AppDelegate.swift in Sources */,
				30F9B02B3029EDB700F78820 /* ContentView.swift in Sources */,
				30F9B02C3029EDB700F78820 /* SceneDelegate.swift in Sources */,
				30F9B02D3029EDB700F78820 /* ViewController.swift in Sources */,
			);
			runOnlyForDeploymentPostprocessing = 0;
		};
		A10000113000001100000011 /* Sources */ = {
			isa = PBXSourcesBuildPhase;
			buildActionMask = 2147483647;
			files = (
			);
			runOnlyForDeploymentPostprocessing = 0;
		};
/* End PBXSourcesBuildPhase section */

/* Begin PBXTargetDependency section */
		A10000090000000900000009 /* PBXTargetDependency */ = {
			isa = PBXTargetDependency;
			target = A10000043000000400000004 /* NotificationServiceExtension */;
			targetProxy = A10000030000000300000003 /* PBXContainerItemProxy */;
		};
/* End PBXTargetDependency section */

/* Begin PBXVariantGroup section */
		30F9AFD53029EDB700F78820 /* LaunchScreen.storyboard */ = {
			isa = PBXVariantGroup;
			children = (
				30F9AFD43029EDB700F78820 /* Base */,
			);
			name = LaunchScreen.storyboard;
			sourceTree = "<group>";
		};
		30F9AFD73029EDB700F78820 /* Main.storyboard */ = {
			isa = PBXVariantGroup;
			children = (
				30F9AFD63029EDB700F78820 /* Base */,
			);
			name = Main.storyboard;
			sourceTree = "<group>";
		};
/* End PBXVariantGroup section */

/* Begin XCBuildConfiguration section */
		3054B8C1300589B700E71176 /* Debug */ = {
			isa = XCBuildConfiguration;
			baseConfigurationReference = 06557FFEA9912FA8E6C19AED /* Pods-199CourseTracker.debug.xcconfig */;
			buildSettings = {
				ASSETCATALOG_COMPILER_APPICON_NAME = AppIcon;
				ASSETCATALOG_COMPILER_GLOBAL_ACCENT_COLOR_NAME = AccentColor;
				CODE_SIGN_ENTITLEMENTS = 199CourseTracker/199CourseTracker.entitlements;
				CODE_SIGN_STYLE = Automatic;
				CURRENT_PROJECT_VERSION = 1;
				GENERATE_INFOPLIST_FILE = YES;
				INFOPLIST_FILE = 199CourseTracker/Info.plist;
				INFOPLIST_KEY_CFBundleDisplayName = "Choursek Derakler";
				INFOPLIST_KEY_NSCameraUsageDescription = "Camera access is used for web content features when needed.";
				INFOPLIST_KEY_NSMicrophoneUsageDescription = "Microphone access is used for web content features when needed.";
				INFOPLIST_KEY_NSUserTrackingUsageDescription = "This helps us improve app launch attribution and show relevant content.";
				INFOPLIST_KEY_UIApplicationSupportsIndirectInputEvents = YES;
				INFOPLIST_KEY_UILaunchStoryboardName = LaunchScreen;
				INFOPLIST_KEY_UIMainStoryboardFile = Main;
				INFOPLIST_KEY_UISupportedInterfaceOrientations = "UIInterfaceOrientationLandscapeLeft UIInterfaceOrientationLandscapeRight UIInterfaceOrientationPortrait";
				INFOPLIST_KEY_UISupportedInterfaceOrientations_iPad = "UIInterfaceOrientationLandscapeLeft UIInterfaceOrientationLandscapeRight UIInterfaceOrientationPortrait UIInterfaceOrientationPortraitUpsideDown";
				IPHONEOS_DEPLOYMENT_TARGET = 17.0;
				LD_RUNPATH_SEARCH_PATHS = (
					"$(inherited)",
					"@executable_path/Frameworks",
				);
				MARKETING_VERSION = 1.1;
				PRODUCT_BUNDLE_IDENTIFIER = com.kai.ch93rs5kd4r9kl2r;
				PRODUCT_NAME = "$(TARGET_NAME)";
				STRING_CATALOG_GENERATE_SYMBOLS = YES;
				SUPPORTED_PLATFORMS = "iphoneos iphonesimulator";
				SUPPORTS_MACCATALYST = NO;
				SUPPORTS_MAC_DESIGNED_FOR_IPHONE_IPAD = NO;
				SUPPORTS_XR_DESIGNED_FOR_IPHONE_IPAD = NO;
				SWIFT_APPROACHABLE_CONCURRENCY = YES;
				SWIFT_DEFAULT_ACTOR_ISOLATION = MainActor;
				SWIFT_EMIT_LOC_STRINGS = YES;
				SWIFT_UPCOMING_FEATURE_MEMBER_IMPORT_VISIBILITY = YES;
				SWIFT_VERSION = 5.0;
				TARGETED_DEVICE_FAMILY = 1;
			};
			name = Debug;
		};
		3054B8C2300589B700E71176 /* Release */ = {
			isa = XCBuildConfiguration;
			baseConfigurationReference = 1BE49B0B59F3CE6DAB429FB3 /* Pods-199CourseTracker.release.xcconfig */;
			buildSettings = {
				ASSETCATALOG_COMPILER_APPICON_NAME = AppIcon;
				ASSETCATALOG_COMPILER_GLOBAL_ACCENT_COLOR_NAME = AccentColor;
				CODE_SIGN_ENTITLEMENTS = 199CourseTracker/199CourseTracker.entitlements;
				CODE_SIGN_STYLE = Automatic;
				CURRENT_PROJECT_VERSION = 1;
				GENERATE_INFOPLIST_FILE = YES;
				INFOPLIST_FILE = 199CourseTracker/Info.plist;
				INFOPLIST_KEY_CFBundleDisplayName = "Choursek Derakler";
				INFOPLIST_KEY_NSCameraUsageDescription = "Camera access is used for web content features when needed.";
				INFOPLIST_KEY_NSMicrophoneUsageDescription = "Microphone access is used for web content features when needed.";
				INFOPLIST_KEY_NSUserTrackingUsageDescription = "This helps us improve app launch attribution and show relevant content.";
				INFOPLIST_KEY_UIApplicationSupportsIndirectInputEvents = YES;
				INFOPLIST_KEY_UILaunchStoryboardName = LaunchScreen;
				INFOPLIST_KEY_UIMainStoryboardFile = Main;
				INFOPLIST_KEY_UISupportedInterfaceOrientations = "UIInterfaceOrientationLandscapeLeft UIInterfaceOrientationLandscapeRight UIInterfaceOrientationPortrait";
				INFOPLIST_KEY_UISupportedInterfaceOrientations_iPad = "UIInterfaceOrientationLandscapeLeft UIInterfaceOrientationLandscapeRight UIInterfaceOrientationPortrait UIInterfaceOrientationPortraitUpsideDown";
				IPHONEOS_DEPLOYMENT_TARGET = 17.0;
				LD_RUNPATH_SEARCH_PATHS = (
					"$(inherited)",
					"@executable_path/Frameworks",
				);
				MARKETING_VERSION = 1.1;
				PRODUCT_BUNDLE_IDENTIFIER = com.kai.ch93rs5kd4r9kl2r;
				PRODUCT_NAME = "$(TARGET_NAME)";
				STRING_CATALOG_GENERATE_SYMBOLS = YES;
				SUPPORTED_PLATFORMS = "iphoneos iphonesimulator";
				SUPPORTS_MACCATALYST = NO;
				SUPPORTS_MAC_DESIGNED_FOR_IPHONE_IPAD = NO;
				SUPPORTS_XR_DESIGNED_FOR_IPHONE_IPAD = NO;
				SWIFT_APPROACHABLE_CONCURRENCY = YES;
				SWIFT_DEFAULT_ACTOR_ISOLATION = MainActor;
				SWIFT_EMIT_LOC_STRINGS = YES;
				SWIFT_UPCOMING_FEATURE_MEMBER_IMPORT_VISIBILITY = YES;
				SWIFT_VERSION = 5.0;
				TARGETED_DEVICE_FAMILY = 1;
			};
			name = Release;
		};
		3054B8C3300589B700E71176 /* Debug */ = {
			isa = XCBuildConfiguration;
			buildSettings = {
				ALWAYS_SEARCH_USER_PATHS = NO;
				ASSETCATALOG_COMPILER_GENERATE_SWIFT_ASSET_SYMBOL_EXTENSIONS = YES;
				CLANG_ANALYZER_NONNULL = YES;
				CLANG_ANALYZER_NUMBER_OBJECT_CONVERSION = YES_AGGRESSIVE;
				CLANG_CXX_LANGUAGE_STANDARD = "gnu++20";
				CLANG_ENABLE_MODULES = YES;
				CLANG_ENABLE_OBJC_ARC = YES;
				CLANG_ENABLE_OBJC_WEAK = YES;
				CLANG_WARN_BLOCK_CAPTURE_AUTORELEASING = YES;
				CLANG_WARN_BOOL_CONVERSION = YES;
				CLANG_WARN_COMMA = YES;
				CLANG_WARN_CONSTANT_CONVERSION = YES;
				CLANG_WARN_DEPRECATED_OBJC_IMPLEMENTATIONS = YES;
				CLANG_WARN_DIRECT_OBJC_ISA_USAGE = YES_ERROR;
				CLANG_WARN_DOCUMENTATION_COMMENTS = YES;
				CLANG_WARN_EMPTY_BODY = YES;
				CLANG_WARN_ENUM_CONVERSION = YES;
				CLANG_WARN_INFINITE_RECURSION = YES;
				CLANG_WARN_INT_CONVERSION = YES;
				CLANG_WARN_NON_LITERAL_NULL_CONVERSION = YES;
				CLANG_WARN_OBJC_IMPLICIT_RETAIN_SELF = YES;
				CLANG_WARN_OBJC_LITERAL_CONVERSION = YES;
				CLANG_WARN_OBJC_ROOT_CLASS = YES_ERROR;
				CLANG_WARN_QUOTED_INCLUDE_IN_FRAMEWORK_HEADER = YES;
				CLANG_WARN_RANGE_LOOP_ANALYSIS = YES;
				CLANG_WARN_STRICT_PROTOTYPES = YES;
				CLANG_WARN_SUSPICIOUS_MOVE = YES;
				CLANG_WARN_UNGUARDED_AVAILABILITY = YES_AGGRESSIVE;
				CLANG_WARN_UNREACHABLE_CODE = YES;
				CLANG_WARN__DUPLICATE_METHOD_MATCH = YES;
				COPY_PHASE_STRIP = NO;
				DEBUG_INFORMATION_FORMAT = dwarf;
				ENABLE_STRICT_OBJC_MSGSEND = YES;
				ENABLE_TESTABILITY = YES;
				ENABLE_USER_SCRIPT_SANDBOXING = YES;
				GCC_C_LANGUAGE_STANDARD = gnu17;
				GCC_DYNAMIC_NO_PIC = NO;
				GCC_NO_COMMON_BLOCKS = YES;
				GCC_OPTIMIZATION_LEVEL = 0;
				GCC_PREPROCESSOR_DEFINITIONS = (
					"DEBUG=1",
					"$(inherited)",
				);
				GCC_WARN_64_TO_32_BIT_CONVERSION = YES;
				GCC_WARN_ABOUT_RETURN_TYPE = YES_ERROR;
				GCC_WARN_UNDECLARED_SELECTOR = YES;
				GCC_WARN_UNINITIALIZED_AUTOS = YES_AGGRESSIVE;
				GCC_WARN_UNUSED_FUNCTION = YES;
				GCC_WARN_UNUSED_VARIABLE = YES;
				IPHONEOS_DEPLOYMENT_TARGET = 17.0;
				LOCALIZATION_PREFERS_STRING_CATALOGS = YES;
				MTL_ENABLE_DEBUG_INFO = INCLUDE_SOURCE;
				MTL_FAST_MATH = YES;
				ONLY_ACTIVE_ARCH = YES;
				SDKROOT = iphoneos;
				SWIFT_ACTIVE_COMPILATION_CONDITIONS = "DEBUG $(inherited)";
				SWIFT_OPTIMIZATION_LEVEL = "-Onone";
			};
			name = Debug;
		};
		3054B8C4300589B700E71176 /* Release */ = {
			isa = XCBuildConfiguration;
			buildSettings = {
				ALWAYS_SEARCH_USER_PATHS = NO;
				ASSETCATALOG_COMPILER_GENERATE_SWIFT_ASSET_SYMBOL_EXTENSIONS = YES;
				CLANG_ANALYZER_NONNULL = YES;
				CLANG_ANALYZER_NUMBER_OBJECT_CONVERSION = YES_AGGRESSIVE;
				CLANG_CXX_LANGUAGE_STANDARD = "gnu++20";
				CLANG_ENABLE_MODULES = YES;
				CLANG_ENABLE_OBJC_ARC = YES;
				CLANG_ENABLE_OBJC_WEAK = YES;
				CLANG_WARN_BLOCK_CAPTURE_AUTORELEASING = YES;
				CLANG_WARN_BOOL_CONVERSION = YES;
				CLANG_WARN_COMMA = YES;
				CLANG_WARN_CONSTANT_CONVERSION = YES;
				CLANG_WARN_DEPRECATED_OBJC_IMPLEMENTATIONS = YES;
				CLANG_WARN_DIRECT_OBJC_ISA_USAGE = YES_ERROR;
				CLANG_WARN_DOCUMENTATION_COMMENTS = YES;
				CLANG_WARN_EMPTY_BODY = YES;
				CLANG_WARN_ENUM_CONVERSION = YES;
				CLANG_WARN_INFINITE_RECURSION = YES;
				CLANG_WARN_INT_CONVERSION = YES;
				CLANG_WARN_NON_LITERAL_NULL_CONVERSION = YES;
				CLANG_WARN_OBJC_IMPLICIT_RETAIN_SELF = YES;
				CLANG_WARN_OBJC_LITERAL_CONVERSION = YES;
				CLANG_WARN_OBJC_ROOT_CLASS = YES_ERROR;
				CLANG_WARN_QUOTED_INCLUDE_IN_FRAMEWORK_HEADER = YES;
				CLANG_WARN_RANGE_LOOP_ANALYSIS = YES;
				CLANG_WARN_STRICT_PROTOTYPES = YES;
				CLANG_WARN_SUSPICIOUS_MOVE = YES;
				CLANG_WARN_UNGUARDED_AVAILABILITY = YES_AGGRESSIVE;
				CLANG_WARN_UNREACHABLE_CODE = YES;
				CLANG_WARN__DUPLICATE_METHOD_MATCH = YES;
				COPY_PHASE_STRIP = NO;
				DEBUG_INFORMATION_FORMAT = "dwarf-with-dsym";
				ENABLE_NS_ASSERTIONS = NO;
				ENABLE_STRICT_OBJC_MSGSEND = YES;
				ENABLE_USER_SCRIPT_SANDBOXING = YES;
				GCC_C_LANGUAGE_STANDARD = gnu17;
				GCC_NO_COMMON_BLOCKS = YES;
				GCC_WARN_64_TO_32_BIT_CONVERSION = YES;
				GCC_WARN_ABOUT_RETURN_TYPE = YES_ERROR;
				GCC_WARN_UNDECLARED_SELECTOR = YES;
				GCC_WARN_UNINITIALIZED_AUTOS = YES_AGGRESSIVE;
				GCC_WARN_UNUSED_FUNCTION = YES;
				GCC_WARN_UNUSED_VARIABLE = YES;
				IPHONEOS_DEPLOYMENT_TARGET = 17.0;
				LOCALIZATION_PREFERS_STRING_CATALOGS = YES;
				MTL_ENABLE_DEBUG_INFO = NO;
				MTL_FAST_MATH = YES;
				SDKROOT = iphoneos;
				SWIFT_COMPILATION_MODE = wholemodule;
				VALIDATE_PRODUCT = YES;
			};
			name = Release;
		};
		A10000133000001300000013 /* Debug */ = {
			isa = XCBuildConfiguration;
			buildSettings = {
				CODE_SIGN_STYLE = Automatic;
				CURRENT_PROJECT_VERSION = 1;
				GENERATE_INFOPLIST_FILE = NO;
				INFOPLIST_FILE = NotificationServiceExtension/Info.plist;
				IPHONEOS_DEPLOYMENT_TARGET = 17.0;
				LD_RUNPATH_SEARCH_PATHS = (
					"$(inherited)",
					"@executable_path/Frameworks",
					"@executable_path/../../Frameworks",
				);
				MARKETING_VERSION = 1.1;
				PRODUCT_BUNDLE_IDENTIFIER = com.kai.ch93rs5kd4r9kl2r.NotificationServiceExtension;
				PRODUCT_NAME = "$(TARGET_NAME)";
				SKIP_INSTALL = YES;
				SUPPORTED_PLATFORMS = "iphoneos iphonesimulator";
				SUPPORTS_MACCATALYST = NO;
				SUPPORTS_MAC_DESIGNED_FOR_IPHONE_IPAD = NO;
				SUPPORTS_XR_DESIGNED_FOR_IPHONE_IPAD = NO;
				SWIFT_EMIT_LOC_STRINGS = YES;
				SWIFT_VERSION = 5.0;
				TARGETED_DEVICE_FAMILY = 1;
			};
			name = Debug;
		};
		A10000143000001400000014 /* Release */ = {
			isa = XCBuildConfiguration;
			buildSettings = {
				CODE_SIGN_STYLE = Automatic;
				CURRENT_PROJECT_VERSION = 1;
				GENERATE_INFOPLIST_FILE = NO;
				INFOPLIST_FILE = NotificationServiceExtension/Info.plist;
				IPHONEOS_DEPLOYMENT_TARGET = 17.0;
				LD_RUNPATH_SEARCH_PATHS = (
					"$(inherited)",
					"@executable_path/Frameworks",
					"@executable_path/../../Frameworks",
				);
				MARKETING_VERSION = 1.1;
				PRODUCT_BUNDLE_IDENTIFIER = com.kai.ch93rs5kd4r9kl2r.NotificationServiceExtension;
				PRODUCT_NAME = "$(TARGET_NAME)";
				SKIP_INSTALL = YES;
				SUPPORTED_PLATFORMS = "iphoneos iphonesimulator";
				SUPPORTS_MACCATALYST = NO;
				SUPPORTS_MAC_DESIGNED_FOR_IPHONE_IPAD = NO;
				SUPPORTS_XR_DESIGNED_FOR_IPHONE_IPAD = NO;
				SWIFT_EMIT_LOC_STRINGS = YES;
				SWIFT_VERSION = 5.0;
				TARGETED_DEVICE_FAMILY = 1;
			};
			name = Release;
		};
/* End XCBuildConfiguration section */

/* Begin XCConfigurationList section */
		3054B8A8300589B600E71176 /* Build configuration list for PBXProject "199CourseTracker" */ = {
			isa = XCConfigurationList;
			buildConfigurations = (
				3054B8C3300589B700E71176 /* Debug */,
				3054B8C4300589B700E71176 /* Release */,
			);
			defaultConfigurationIsVisible = 0;
			defaultConfigurationName = Release;
		};
		3054B8C0300589B700E71176 /* Build configuration list for PBXNativeTarget "199CourseTracker" */ = {
			isa = XCConfigurationList;
			buildConfigurations = (
				3054B8C1300589B700E71176 /* Debug */,
				3054B8C2300589B700E71176 /* Release */,
			);
			defaultConfigurationIsVisible = 0;
			defaultConfigurationName = Release;
		};
		A10000103000001000000010 /* Build configuration list for PBXNativeTarget "NotificationServiceExtension" */ = {
			isa = XCConfigurationList;
			buildConfigurations = (
				A10000133000001300000013 /* Debug */,
				A10000143000001400000014 /* Release */,
			);
			defaultConfigurationIsVisible = 0;
			defaultConfigurationName = Release;
		};
/* End XCConfigurationList section */

/* Begin XCRemoteSwiftPackageReference section */
		B20000700000000000000070 /* XCRemoteSwiftPackageReference "firebase-ios-sdk" */ = {
			isa = XCRemoteSwiftPackageReference;
			repositoryURL = "https://github.com/firebase/firebase-ios-sdk";
			requirement = {
				kind = upToNextMajorVersion;
				minimumVersion = 12.16.0;
			};
		};
		B20000710000000000000071 /* XCRemoteSwiftPackageReference "AppsFlyerFramework-Static" */ = {
			isa = XCRemoteSwiftPackageReference;
			repositoryURL = "https://github.com/AppsFlyerSDK/AppsFlyerFramework-Static";
			requirement = {
				kind = upToNextMajorVersion;
				minimumVersion = 6.0.0;
			};
		};
/* End XCRemoteSwiftPackageReference section */

/* Begin XCSwiftPackageProductDependency section */
		B20000800000000000000080 /* FirebaseMessaging */ = {
			isa = XCSwiftPackageProductDependency;
			package = B20000700000000000000070 /* XCRemoteSwiftPackageReference "firebase-ios-sdk" */;
			productName = FirebaseMessaging;
		};
		B20000810000000000000081 /* AppsFlyerLib-Static */ = {
			isa = XCSwiftPackageProductDependency;
			package = B20000710000000000000071 /* XCRemoteSwiftPackageReference "AppsFlyerFramework-Static" */;
			productName = "AppsFlyerLib-Static";
		};
		B20000820000000000000082 /* FirebaseMessaging */ = {
			isa = XCSwiftPackageProductDependency;
			package = B20000700000000000000070 /* XCRemoteSwiftPackageReference "firebase-ios-sdk" */;
			productName = FirebaseMessaging;
		};
/* End XCSwiftPackageProductDependency section */
	};
	rootObject = 3054B8A5300589B600E71176 /* Project object */;
}
